// !$*UTF8*$!
{
	archiveVersion = 1;
	classes = {
	};
	objectVersion = 55;
	objects = {

/* Begin PBXBuildFile section */
		3A071FA3276CDE5900CF1E90 /* FitnessHBApp.swift in Sources */ = {isa = PBXBuildFile; fileRef = 3A071FA2276CDE5900CF1E90 /* FitnessHBApp.swift */; };
		3A071FA5276CDE5900CF1E90 /* ContentView.swift in Sources */ = {isa = PBXBuildFile; fileRef = 3A071FA4276CDE5900CF1E90 /* ContentView.swift */; };
		3A071FA7276CDE5900CF1E90 /* Assets.xcassets in Resources */ = {isa = PBXBuildFile; fileRef = 3A071FA6276CDE5900CF1E90 /* Assets.xcassets */; };
		3A071FAA276CDE5900CF1E90 /* Preview Assets.xcassets in Resources */ = {isa = PBXBuildFile; fileRef = 3A071FA9276CDE5900CF1E90 /* Preview Assets.xcassets */; };
		3A071FB4276CDE5900CF1E90 /* FitnessHBTests.swift in Sources */ = {isa = PBXBuildFile; fileRef = 3A071FB3276CDE5900CF1E90 /* FitnessHBTests.swift */; };
		3A071FBE276CDE5900CF1E90 /* FitnessHBUITests.swift in Sources */ = {isa = PBXBuildFile; fileRef = 3A071FBD276CDE5900CF1E90 /* FitnessHBUITests.swift */; };
		3A071FC0276CDE5900CF1E90 /* FitnessHBUITestsLaunchTests.swift in Sources */ = {isa = PBXBuildFile; fileRef = 3A071FBF276CDE5900CF1E90 /* FitnessHBUITestsLaunchTests.swift */; };
		3A071FCD276CE02700CF1E90 /* BlurView.swift in Sources */ = {isa = PBXBuildFile; fileRef = 3A071FCC276CE02700CF1E90 /* BlurView.swift */; };
		3A071FCF276CE05800CF1E90 /* CourseList.swift in Sources */ = {isa = PBXBuildFile; fileRef = 3A071FCE276CE05800CF1E90 /* CourseList.swift */; };
		3A071FD1276CE08000CF1E90 /* Home.swift in Sources */ = {isa = PBXBuildFile; fileRef = 3A071FD0276CE08000CF1E90 /* Home.swift */; };
		3A071FD3276CE0A500CF1E90 /* HomeView.swift in Sources */ = {isa = PBXBuildFile; fileRef = 3A071FD2276CE0A500CF1E90 /* HomeView.swift */; };
		3A071FD5276CE0C900CF1E90 /* LoadingView.swift in Sources */ = {isa = PBXBuildFile; fileRef = 3A071FD4276CE0C900CF1E90 /* LoadingView.swift */; };
		3A071FD7276CE11B00CF1E90 /* LoginView.swift in Sources */ = {isa = PBXBuildFile; fileRef = 3A071FD6276CE11B00CF1E90 /* LoginView.swift */; };
		3A071FD9276CE14200CF1E90 /* LottieView.swift in Sources */ = {isa = PBXBuildFile; fileRef = 3A071FD8276CE14200CF1E90 /* LottieView.swift */; };
		3A071FDB276CE16E00CF1E90 /* MenuView.swift in Sources */ = {isa = PBXBuildFile; fileRef = 3A071FDA276CE16E00CF1E90 /* MenuView.swift */; };
		3A071FDE276CE1A400CF1E90 /* SuccessView.swift in Sources */ = {isa = PBXBuildFile; fileRef = 3A071FDD276CE1A400CF1E90 /* SuccessView.swift */; };
		3A071FE0276CE1D000CF1E90 /* TabBar.swift in Sources */ = {isa = PBXBuildFile; fileRef = 3A071FDF276CE1D000CF1E90 /* TabBar.swift */; };
		3A071FE3276CE2BA00CF1E90 /* Lottie in Frameworks */ = {isa = PBXBuildFile; productRef = 3A071FE2276CE2BA00CF1E90 /* Lottie */; };
		3A81477C276CE4D2008A5AA6 /* loading.json in Resources */ = {isa = PBXBuildFile; fileRef = 3A81477A276CE4D2008A5AA6 /* loading.json */; };
		3A81477D276CE4D2008A5AA6 /* success.json in Resources */ = {isa = PBXBuildFile; fileRef = 3A81477B276CE4D2008A5AA6 /* success.json */; };
/* End PBXBuildFile section */

/* Begin PBXContainerItemProxy section */
		3A071FB0276CDE5900CF1E90 /* PBXContainerItemProxy */ = {
			isa = PBXContainerItemProxy;
			containerPortal = 3A071F97276CDE5900CF1E90 /* Project object */;
			proxyType = 1;
			remoteGlobalIDString = 3A071F9E276CDE5900CF1E90;
			remoteInfo = FitnessHB;
		};
		3A071FBA276CDE5900CF1E90 /* PBXContainerItemProxy */ = {
			isa = PBXContainerItemProxy;
			containerPortal = 3A071F97276CDE5900CF1E90 /* Project object */;
			proxyType = 1;
			remoteGlobalIDString = 3A071F9E276CDE5900CF1E90;
			remoteInfo = FitnessHB;
		};
/* End PBXContainerItemProxy section */

/* Begin PBXFileReference section */
		3A071F9F276CDE5900CF1E90 /* FitnessHB.app */ = {isa = PBXFileReference; explicitFileType = wrapper.application; includeInIndex = 0; path = FitnessHB.app; sourceTree = BUILT_PRODUCTS_DIR; };
		3A071FA2276CDE5900CF1E90 /* FitnessHBApp.swift */ = {isa = PBXFileReference; lastKnownFileType = sourcecode.swift; path = FitnessHBApp.swift; sourceTree = "<group>"; };
		3A071FA4276CDE5900CF1E90 /* ContentView.swift */ = {isa = PBXFileReference; lastKnownFileType = sourcecode.swift; path = ContentView.swift; sourceTree = "<group>"; };
		3A071FA6276CDE5900CF1E90 /* Assets.xcassets */ = {isa = PBXFileReference; lastKnownFileType = folder.assetcatalog; path = Assets.xcassets; sourceTree = "<group>"; };
		3A071FA9276CDE5900CF1E90 /* Preview Assets.xcassets */ = {isa = PBXFileReference; lastKnownFileType = folder.assetcatalog; path = "Preview Assets.xcassets"; sourceTree = "<group>"; };
		3A071FAF276CDE5900CF1E90 /* FitnessHBTests.xctest */ = {isa = PBXFileReference; explicitFileType = wrapper.cfbundle; includeInIndex = 0; path = FitnessHBTests.xctest; sourceTree = BUILT_PRODUCTS_DIR; };
		3A071FB3276CDE5900CF1E90 /* FitnessHBTests.swift */ = {isa = PBXFileReference; lastKnownFileType = sourcecode.swift; path = FitnessHBTests.swift; sourceTree = "<group>"; };
		3A071FB9276CDE5900CF1E90 /* FitnessHBUITests.xctest */ = {isa = PBXFileReference; explicitFileType = wrapper.cfbundle; includeInIndex = 0; path = FitnessHBUITests.xctest; sourceTree = BUILT_PRODUCTS_DIR; };
		3A071FBD276CDE5900CF1E90 /* FitnessHBUITests.swift */ = {isa = PBXFileReference; lastKnownFileType = sourcecode.swift; path = FitnessHBUITests.swift; sourceTree = "<group>"; };
		3A071FBF276CDE5900CF1E90 /* FitnessHBUITestsLaunchTests.swift */ = {isa = PBXFileReference; lastKnownFileType = sourcecode.swift; path = FitnessHBUITestsLaunchTests.swift; sourceTree = "<group>"; };
		3A071FCC276CE02700CF1E90 /* BlurView.swift */ = {isa = PBXFileReference; lastKnownFileType = sourcecode.swift; path = BlurView.swift; sourceTree = "<group>"; };
		3A071FCE276CE05800CF1E90 /* CourseList.swift */ = {isa = PBXFileReference; lastKnownFileType = sourcecode.swift; path = CourseList.swift; sourceTree = "<group>"; };
		3A071FD0276CE08000CF1E90 /* Home.swift */ = {isa = PBXFileReference; lastKnownFileType = sourcecode.swift; path = Home.swift; sourceTree = "<group>"; };
		3A071FD2276CE0A500CF1E90 /* HomeView.swift */ = {isa = PBXFileReference; lastKnownFileType = sourcecode.swift; path = HomeView.swift; sourceTree = "<group>"; };
		3A071FD4276CE0C900CF1E90 /* LoadingView.swift */ = {isa = PBXFileReference; lastKnownFileType = sourcecode.swift; path = LoadingView.swift; sourceTree = "<group>"; };
		3A071FD6276CE11B00CF1E90 /* LoginView.swift */ = {isa = PBXFileReference; lastKnownFileType = sourcecode.swift; path = LoginView.swift; sourceTree = "<group>"; };
		3A071FD8276CE14200CF1E90 /* LottieView.swift */ = {isa = PBXFileReference; lastKnownFileType = sourcecode.swift; path = LottieView.swift; sourceTree = "<group>"; };
		3A071FDA276CE16E00CF1E90 /* MenuView.swift */ = {isa = PBXFileReference; lastKnownFileType = sourcecode.swift; path = MenuView.swift; sourceTree = "<group>"; };
		3A071FDD276CE1A400CF1E90 /* SuccessView.swift */ = {isa = PBXFileReference; lastKnownFileType = sourcecode.swift; path = SuccessView.swift; sourceTree = "<group>"; };
		3A071FDF276CE1D000CF1E90 /* TabBar.swift */ = {isa = PBXFileReference; lastKnownFileType = sourcecode.swift; path = TabBar.swift; sourceTree = "<group>"; };
		3A81477A276CE4D2008A5AA6 /* loading.json */ = {isa = PBXFileReference; fileEncoding = 4; lastKnownFileType = text.json; path = loading.json; sourceTree = "<group>"; };
		3A81477B276CE4D2008A5AA6 /* success.json */ = {isa = PBXFileReference; fileEncoding = 4; lastKnownFileType = text.json; path = success.json; sourceTree = "<group>"; };
/* End PBXFileReference section */

/* Begin PBXFrameworksBuildPhase section */
		3A071F9C276CDE5900CF1E90 /* Frameworks */ = {
			isa = PBXFrameworksBuildPhase;
			buildActionMask = 2147483647;
			files = (
				3A071FE3276CE2BA00CF1E90 /* Lottie in Frameworks */,
			);
			runOnlyForDeploymentPostprocessing = 0;
		};
		3A071FAC276CDE5900CF1E90 /* Frameworks */ = {
			isa = PBXFrameworksBuildPhase;
			buildActionMask = 2147483647;
			files = (
			);
			runOnlyForDeploymentPostprocessing = 0;
		};
		3A071FB6276CDE5900CF1E90 /* Frameworks */ = {
			isa = PBXFrameworksBuildPhase;
			buildActionMask = 2147483647;
			files = (
			);
			runOnlyForDeploymentPostprocessing = 0;
		};
/* End PBXFrameworksBuildPhase section */

/* Begin PBXGroup section */
		3A071F96276CDE5900CF1E90 = {
			isa = PBXGroup;
			children = (
				3A071FA1276CDE5900CF1E90 /* FitnessHB */,
				3A071FB2276CDE5900CF1E90 /* FitnessHBTests */,
				3A071FBC276CDE5900CF1E90 /* FitnessHBUITests */,
				3A071FA0276CDE5900CF1E90 /* Products */,
			);
			sourceTree = "<group>";
		};
		3A071FA0276CDE5900CF1E90 /* Products */ = {
			isa = PBXGroup;
			children = (
				3A071F9F276CDE5900CF1E90 /* FitnessHB.app */,
				3A071FAF276CDE5900CF1E90 /* FitnessHBTests.xctest */,
				3A071FB9276CDE5900CF1E90 /* FitnessHBUITests.xctest */,
			);
			name = Products;
			sourceTree = "<group>";
		};
		3A071FA1276CDE5900CF1E90 /* FitnessHB */ = {
			isa = PBXGroup;
			children = (
				3A071FA2276CDE5900CF1E90 /* FitnessHBApp.swift */,
				3A071FDA276CE16E00CF1E90 /* MenuView.swift */,
				3A071FA4276CDE5900CF1E90 /* ContentView.swift */,
				3A071FCC276CE02700CF1E90 /* BlurView.swift */,
				3A071FD8276CE14200CF1E90 /* LottieView.swift */,
				3A071FD6276CE11B00CF1E90 /* LoginView.swift */,
				3A071FCE276CE05800CF1E90 /* CourseList.swift */,
				3A071FDD276CE1A400CF1E90 /* SuccessView.swift */,
				3A071FD4276CE0C900CF1E90 /* LoadingView.swift */,
				3A071FDF276CE1D000CF1E90 /* TabBar.swift */,
				3A071FA6276CDE5900CF1E90 /* Assets.xcassets */,
				3A814779276CE4D2008A5AA6 /* Lottie */,
				3A071FA8276CDE5900CF1E90 /* Preview Content */,
				3A071FD0276CE08000CF1E90 /* Home.swift */,
				3A071FD2276CE0A500CF1E90 /* HomeView.swift */,
			);
			path = FitnessHB;
			sourceTree = "<group>";
		};
		3A071FA8276CDE5900CF1E90 /* Preview Content */ = {
			isa = PBXGroup;
			children = (
				3A071FA9276CDE5900CF1E90 /* Preview Assets.xcassets */,
			);
			path = "Preview Content";
			sourceTree = "<group>";
		};
		3A071FB2276CDE5900CF1E90 /* FitnessHBTests */ = {
			isa = PBXGroup;
			children = (
				3A071FB3276CDE5900CF1E90 /* FitnessHBTests.swift */,
			);
			path = FitnessHBTests;
			sourceTree = "<group>";
		};
		3A071FBC276CDE5900CF1E90 /* FitnessHBUITests */ = {
			isa = PBXGroup;
			children = (
				3A071FBD276CDE5900CF1E90 /* FitnessHBUITests.swift */,
				3A071FBF276CDE5900CF1E90 /* FitnessHBUITestsLaunchTests.swift */,
			);
			path = FitnessHBUITests;
			sourceTree = "<group>";
		};
		3A814779276CE4D2008A5AA6 /* Lottie */ = {
			isa = PBXGroup;
			children = (
				3A81477A276CE4D2008A5AA6 /* loading.json */,
				3A81477B276CE4D2008A5AA6 /* success.json */,
			);
			path = Lottie;
			sourceTree = "<group>";
		};
/* End PBXGroup section */

/* Begin PBXNativeTarget section */
		3A071F9E276CDE5900CF1E90 /* FitnessHB */ = {
			isa = PBXNativeTarget;
			buildConfigurationList = 3A071FC3276CDE5900CF1E90 /* Build configuration list for PBXNativeTarget "FitnessHB" */;
			buildPhases = (
				3A071F9B276CDE5900CF1E90 /* Sources */,
				3A071F9C276CDE5900CF1E90 /* Frameworks */,
				3A071F9D276CDE5900CF1E90 /* Resources */,
			);
			buildRules = (
			);
			dependencies = (
			);
			name = FitnessHB;
			packageProductDependencies = (
				3A071FE2276CE2BA00CF1E90 /* Lottie */,
			);
			productName = FitnessHB;
			productReference = 3A071F9F276CDE5900CF1E90 /* FitnessHB.app */;
			productType = "com.apple.product-type.application";
		};
		3A071FAE276CDE5900CF1E90 /* FitnessHBTests */ = {
			isa = PBXNativeTarget;
			buildConfigurationList = 3A071FC6276CDE5900CF1E90 /* Build configuration list for PBXNativeTarget "FitnessHBTests" */;
			buildPhases = (
				3A071FAB276CDE5900CF1E90 /* Sources */,
				3A071FAC276CDE5900CF1E90 /* Frameworks */,
				3A071FAD276CDE5900CF1E90 /* Resources */,
			);
			buildRules = (
			);
			dependencies = (
				3A071FB1276CDE5900CF1E90 /* PBXTargetDependency */,
			);
			name = FitnessHBTests;
			productName = FitnessHBTests;
			productReference = 3A071FAF276CDE5900CF1E90 /* FitnessHBTests.xctest */;
			productType = "com.apple.product-type.bundle.unit-test";
		};
		3A071FB8276CDE5900CF1E90 /* FitnessHBUITests */ = {
			isa = PBXNativeTarget;
			buildConfigurationList = 3A071FC9276CDE5900CF1E90 /* Build configuration list for PBXNativeTarget "FitnessHBUITests" */;
			buildPhases = (
				3A071FB5276CDE5900CF1E90 /* Sources */,
				3A071FB6276CDE5900CF1E90 /* Frameworks */,
				3A071FB7276CDE5900CF1E90 /* Resources */,
			);
			buildRules = (
			);
			dependencies = (
				3A071FBB276CDE5900CF1E90 /* PBXTargetDependency */,
			);
			name = FitnessHBUITests;
			productName = FitnessHBUITests;
			productReference = 3A071FB9276CDE5900CF1E90 /* FitnessHBUITests.xctest */;
			productType = "com.apple.product-type.bundle.ui-testing";
		};
/* End PBXNativeTarget section */

/* Begin PBXProject section */
		3A071F97276CDE5900CF1E90 /* Project object */ = {
			isa = PBXProject;
			attributes = {
				BuildIndependentTargetsInParallel = 1;
				LastSwiftUpdateCheck = 1310;
				LastUpgradeCheck = 1310;
				TargetAttributes = {
					3A071F9E276CDE5900CF1E90 = {
						CreatedOnToolsVersion = 13.1;
					};
					3A071FAE276CDE5900CF1E90 = {
						CreatedOnToolsVersion = 13.1;
						TestTargetID = 3A071F9E276CDE5900CF1E90;
					};
					3A071FB8276CDE5900CF1E90 = {
						CreatedOnToolsVersion = 13.1;
						TestTargetID = 3A071F9E276CDE5900CF1E90;
					};
				};
			};
			buildConfigurationList = 3A071F9A276CDE5900CF1E90 /* Build configuration list for PBXProject "FitnessHB" */;
			compatibilityVersion = "Xcode 13.0";
			developmentRegion = en;
			hasScannedForEncodings = 0;
			knownRegions = (
				en,
				Base,
			);
			mainGroup = 3A071F96276CDE5900CF1E90;
			packageReferences = (
				3A071FE1276CE2BA00CF1E90 /* XCRemoteSwiftPackageReference "lottie-ios" */,
			);
			productRefGroup = 3A071FA0276CDE5900CF1E90 /* Products */;
			projectDirPath = "";
			projectRoot = "";
			targets = (
				3A071F9E276CDE5900CF1E90 /* FitnessHB */,
				3A071FAE276CDE5900CF1E90 /* FitnessHBTests */,
				3A071FB8276CDE5900CF1E90 /* FitnessHBUITests */,
			);
		};
/* End PBXProject section */

/* Begin PBXResourcesBuildPhase section */
		3A071F9D276CDE5900CF1E90 /* Resources */ = {
			isa = PBXResourcesBuildPhase;
			buildActionMask = 2147483647;
			files = (
				3A071FAA276CDE5900CF1E90 /* Preview Assets.xcassets in Resources */,
				3A81477D276CE4D2008A5AA6 /* success.json in Resources */,
				3A071FA7276CDE5900CF1E90 /* Assets.xcassets in Resources */,
				3A81477C276CE4D2008A5AA6 /* loading.json in Resources */,
			);
			runOnlyForDeploymentPostprocessing = 0;
		};
		3A071FAD276CDE5900CF1E90 /* Resources */ = {
			isa = PBXResourcesBuildPhase;
			buildActionMask = 2147483647;
			files = (
			);
			runOnlyForDeploymentPostprocessing = 0;
		};
		3A071FB7276CDE5900CF1E90 /* Resources */ = {
			isa = PBXResourcesBuildPhase;
			buildActionMask = 2147483647;
			files = (
			);
			runOnlyForDeploymentPostprocessing = 0;
		};
/* End PBXResourcesBuildPhase section */

/* Begin PBXSourcesBuildPhase section */
		3A071F9B276CDE5900CF1E90 /* Sources */ = {
			isa = PBXSourcesBuildPhase;
			buildActionMask = 2147483647;
			files = (
				3A071FCF276CE05800CF1E90 /* CourseList.swift in Sources */,
				3A071FA5276CDE5900CF1E90 /* ContentView.swift in Sources */,
				3A071FD9276CE14200CF1E90 /* LottieView.swift in Sources */,
				3A071FE0276CE1D000CF1E90 /* TabBar.swift in Sources */,
				3A071FD1276CE08000CF1E90 /* Home.swift in Sources */,
				3A071FD3276CE0A500CF1E90 /* HomeView.swift in Sources */,
				3A071FDB276CE16E00CF1E90 /* MenuView.swift in Sources */,
				3A071FA3276CDE5900CF1E90 /* FitnessHBApp.swift in Sources */,
				3A071FDE276CE1A400CF1E90 /* SuccessView.swift in Sources */,
				3A071FD5276CE0C900CF1E90 /* LoadingView.swift in Sources */,
				3A071FD7276CE11B00CF1E90 /* LoginView.swift in Sources */,
				3A071FCD276CE02700CF1E90 /* BlurView.swift in Sources */,
			);
			runOnlyForDeploymentPostprocessing = 0;
		};
		3A071FAB276CDE5900CF1E90 /* Sources */ = {
			isa = PBXSourcesBuildPhase;
			buildActionMask = 2147483647;
			files = (
				3A071FB4276CDE5900CF1E90 /* FitnessHBTests.swift in Sources */,
			);
			runOnlyForDeploymentPostprocessing = 0;
		};
		3A071FB5276CDE5900CF1E90 /* Sources */ = {
			isa = PBXSourcesBuildPhase;
			buildActionMask = 2147483647;
			files = (
				3A071FBE276CDE5900CF1E90 /* FitnessHBUITests.swift in Sources */,
				3A071FC0276CDE5900CF1E90 /* FitnessHBUITestsLaunchTests.swift in Sources */,
			);
			runOnlyForDeploymentPostprocessing = 0;
		};
/* End PBXSourcesBuildPhase section */

/* Begin PBXTargetDependency section */
		3A071FB1276CDE5900CF1E90 /* PBXTargetDependency */ = {
			isa = PBXTargetDependency;
			target = 3A071F9E276CDE5900CF1E90 /* FitnessHB */;
			targetProxy = 3A071FB0276CDE5900CF1E90 /* PBXContainerItemProxy */;
		};
		3A071FBB276CDE5900CF1E90 /* PBXTargetDependency */ = {
			isa = PBXTargetDependency;
			target = 3A071F9E276CDE5900CF1E90 /* FitnessHB */;
			targetProxy = 3A071FBA276CDE5900CF1E90 /* PBXContainerItemProxy */;
		};
/* End PBXTargetDependency section */

/* Begin XCBuildConfiguration section */
		3A071FC1276CDE5900CF1E90 /* Debug */ = {
			isa = XCBuildConfiguration;
			buildSettings = {
				ALWAYS_SEARCH_USER_PATHS = NO;
				CLANG_ANALYZER_NONNULL = YES;
				CLANG_ANALYZER_NUMBER_OBJECT_CONVERSION = YES_AGGRESSIVE;
				CLANG_CXX_LANGUAGE_STANDARD = "gnu++17";
				CLANG_CXX_LIBRARY = "libc++";
				CLANG_ENABLE_MODULES = YES;
				CLANG_ENABLE_OBJC_ARC = YES;
				CLANG_ENABLE_OBJC_WEAK = YES;
				CLANG_WARN_BLOCK_CAPTURE_AUTORELEASING = YES;
				CLANG_WARN_BOOL_CONVERSION = YES;
				CLANG_WARN_COMMA = YES;
				CLANG_WARN_CONSTANT_CONVERSION = YES;
				CLANG_WARN_DEPRECATED_OBJC_IMPLEMENTATIONS = YES;
				CLANG_WARN_DIRECT_OBJC_ISA_USAGE = YES_ERROR;
				CLANG_WARN_DOCUMENTATION_COMMENTS = YES;
				CLANG_WARN_EMPTY_BODY = YES;
				CLANG_WARN_ENUM_CONVERSION = YES;
				CLANG_WARN_INFINITE_RECURSION = YES;
				CLANG_WARN_INT_CONVERSION = YES;
				CLANG_WARN_NON_LITERAL_NULL_CONVERSION = YES;
				CLANG_WARN_OBJC_IMPLICIT_RETAIN_SELF = YES;
				CLANG_WARN_OBJC_LITERAL_CONVERSION = YES;
				CLANG_WARN_OBJC_ROOT_CLASS = YES_ERROR;
				CLANG_WARN_QUOTED_INCLUDE_IN_FRAMEWORK_HEADER = YES;
				CLANG_WARN_RANGE_LOOP_ANALYSIS = YES;
				CLANG_WARN_STRICT_PROTOTYPES = YES;
				CLANG_WARN_SUSPICIOUS_MOVE = YES;
				CLANG_WARN_UNGUARDED_AVAILABILITY = YES_AGGRESSIVE;
				CLANG_WARN_UNREACHABLE_CODE = YES;
				CLANG_WARN__DUPLICATE_METHOD_MATCH = YES;
				COPY_PHASE_STRIP = NO;
				DEBUG_INFORMATION_FORMAT = dwarf;
				ENABLE_STRICT_OBJC_MSGSEND = YES;
				ENABLE_TESTABILITY = YES;
				GCC_C_LANGUAGE_STANDARD = gnu11;
				GCC_DYNAMIC_NO_PIC = NO;
				GCC_NO_COMMON_BLOCKS = YES;
				GCC_OPTIMIZATION_LEVEL = 0;
				GCC_PREPROCESSOR_DEFINITIONS = (
					"DEBUG=1",
					"$(inherited)",
				);
				GCC_WARN_64_TO_32_BIT_CONVERSION = YES;
				GCC_WARN_ABOUT_RETURN_TYPE = YES_ERROR;
				GCC_WARN_UNDECLARED_SELECTOR = YES;
				GCC_WARN_UNINITIALIZED_AUTOS = YES_AGGRESSIVE;
				GCC_WARN_UNUSED_FUNCTION = YES;
				GCC_WARN_UNUSED_VARIABLE = YES;
				IPHONEOS_DEPLOYMENT_TARGET = 15.0;
				MTL_ENABLE_DEBUG_INFO = INCLUDE_SOURCE;
				MTL_FAST_MATH = YES;
				ONLY_ACTIVE_ARCH = YES;
				SDKROOT = iphoneos;
				SWIFT_ACTIVE_COMPILATION_CONDITIONS = DEBUG;
				SWIFT_OPTIMIZATION_LEVEL = "-Onone";
			};
			name = Debug;
		};
		3A071FC2276CDE5900CF1E90 /* Release */ = {
			isa = XCBuildConfiguration;
			buildSettings = {
				ALWAYS_SEARCH_USER_PATHS = NO;
				CLANG_ANALYZER_NONNULL = YES;
				CLANG_ANALYZER_NUMBER_OBJECT_CONVERSION = YES_AGGRESSIVE;
				CLANG_CXX_LANGUAGE_STANDARD = "gnu++17";
				CLANG_CXX_LIBRARY = "libc++";
				CLANG_ENABLE_MODULES = YES;
				CLANG_ENABLE_OBJC_ARC = YES;
				CLANG_ENABLE_OBJC_WEAK = YES;
				CLANG_WARN_BLOCK_CAPTURE_AUTORELEASING = YES;
				CLANG_WARN_BOOL_CONVERSION = YES;
				CLANG_WARN_COMMA = YES;
				CLANG_WARN_CONSTANT_CONVERSION = YES;
				CLANG_WARN_DEPRECATED_OBJC_IMPLEMENTATIONS = YES;
				CLANG_WARN_DIRECT_OBJC_ISA_USAGE = YES_ERROR;
				CLANG_WARN_DOCUMENTATION_COMMENTS = YES;
				CLANG_WARN_EMPTY_BODY = YES;
				CLANG_WARN_ENUM_CONVERSION = YES;
				CLANG_WARN_INFINITE_RECURSION = YES;
				CLANG_WARN_INT_CONVERSION = YES;
				CLANG_WARN_NON_LITERAL_NULL_CONVERSION = YES;
				CLANG_WARN_OBJC_IMPLICIT_RETAIN_SELF = YES;
				CLANG_WARN_OBJC_LITERAL_CONVERSION = YES;
				CLANG_WARN_OBJC_ROOT_CLASS = YES_ERROR;
				CLANG_WARN_QUOTED_INCLUDE_IN_FRAMEWORK_HEADER = YES;
				CLANG_WARN_RANGE_LOOP_ANALYSIS = YES;
				CLANG_WARN_STRICT_PROTOTYPES = YES;
				CLANG_WARN_SUSPICIOUS_MOVE = YES;
				CLANG_WARN_UNGUARDED_AVAILABILITY = YES_AGGRESSIVE;
				CLANG_WARN_UNREACHABLE_CODE = YES;
				CLANG_WARN__DUPLICATE_METHOD_MATCH = YES;
				COPY_PHASE_STRIP = NO;
				DEBUG_INFORMATION_FORMAT = "dwarf-with-dsym";
				ENABLE_NS_ASSERTIONS = NO;
				ENABLE_STRICT_OBJC_MSGSEND = YES;
				GCC_C_LANGUAGE_STANDARD = gnu11;
				GCC_NO_COMMON_BLOCKS = YES;
				GCC_WARN_64_TO_32_BIT_CONVERSION = YES;
				GCC_WARN_ABOUT_RETURN_TYPE = YES_ERROR;
				GCC_WARN_UNDECLARED_SELECTOR = YES;
				GCC_WARN_UNINITIALIZED_AUTOS = YES_AGGRESSIVE;
				GCC_WARN_UNUSED_FUNCTION = YES;
				GCC_WARN_UNUSED_VARIABLE = YES;
				IPHONEOS_DEPLOYMENT_TARGET = 15.0;
				MTL_ENABLE_DEBUG_INFO = NO;
				MTL_FAST_MATH = YES;
				SDKROOT = iphoneos;
				SWIFT_COMPILATION_MODE = wholemodule;
				SWIFT_OPTIMIZATION_LEVEL = "-O";
				VALIDATE_PRODUCT = YES;
			};
			name = Release;
		};
		3A071FC4276CDE5900CF1E90 /* Debug */ = {
			isa = XCBuildConfiguration;
			buildSettings = {
				ASSETCATALOG_COMPILER_APPICON_NAME = AppIcon;
				ASSETCATALOG_COMPILER_GLOBAL_ACCENT_COLOR_NAME = AccentColor;
				CODE_SIGN_STYLE = Automatic;
				CURRENT_PROJECT_VERSION = 1;
				DEVELOPMENT_ASSET_PATHS = "\"FitnessHB/Preview Content\"";
				DEVELOPMENT_TEAM = J6M68LPML8;
				ENABLE_PREVIEWS = YES;
				GENERATE_INFOPLIST_FILE = YES;
				INFOPLIST_KEY_UIApplicationSceneManifest_Generation = YES;
				INFOPLIST_KEY_UIApplicationSupportsIndirectInputEvents = YES;
				INFOPLIST_KEY_UILaunchScreen_Generation = YES;
				INFOPLIST_KEY_UISupportedInterfaceOrientations_iPad = "UIInterfaceOrientationPortrait UIInterfaceOrientationPortraitUpsideDown UIInterfaceOrientationLandscapeLeft UIInterfaceOrientationLandscapeRight";
				INFOPLIST_KEY_UISupportedInterfaceOrientations_iPhone = "UIInterfaceOrientationPortrait UIInterfaceOrientationLandscapeLeft UIInterfaceOrientationLandscapeRight";
				LD_RUNPATH_SEARCH_PATHS = (
					"$(inherited)",
					"@executable_path/Frameworks",
				);
				MARKETING_VERSION = 1.0;
				PRODUCT_BUNDLE_IDENTIFIER = salihcakmak.FitnessHB;
				PRODUCT_NAME = "$(TARGET_NAME)";
				SWIFT_EMIT_LOC_STRINGS = YES;
				SWIFT_VERSION = 5.0;
				TARGETED_DEVICE_FAMILY = "1,2";
			};
			name = Debug;
		};
		3A071FC5276CDE5900CF1E90 /* Release */ = {
			isa = XCBuildConfiguration;
			buildSettings = {
				ASSETCATALOG_COMPILER_APPICON_NAME = AppIcon;
				ASSETCATALOG_COMPILER_GLOBAL_ACCENT_COLOR_NAME = AccentColor;
				CODE_SIGN_STYLE = Automatic;
				CURRENT_PROJECT_VERSION = 1;
				DEVELOPMENT_ASSET_PATHS = "\"FitnessHB/Preview Content\"";
				DEVELOPMENT_TEAM = J6M68LPML8;
				ENABLE_PREVIEWS = YES;
				GENERATE_INFOPLIST_FILE = YES;
				INFOPLIST_KEY_UIApplicationSceneManifest_Generation = YES;
				INFOPLIST_KEY_UIApplicationSupportsIndirectInputEvents = YES;
				INFOPLIST_KEY_UILaunchScreen_Generation = YES;
				INFOPLIST_KEY_UISupportedInterfaceOrientations_iPad = "UIInterfaceOrientationPortrait UIInterfaceOrientationPortraitUpsideDown UIInterfaceOrientationLandscapeLeft UIInterfaceOrientationLandscapeRight";
				INFOPLIST_KEY_UISupportedInterfaceOrientations_iPhone = "UIInterfaceOrientationPortrait UIInterfaceOrientationLandscapeLeft UIInterfaceOrientationLandscapeRight";
				LD_RUNPATH_SEARCH_PATHS = (
					"$(inherited)",
					"@executable_path/Frameworks",
				);
				MARKETING_VERSION = 1.0;
				PRODUCT_BUNDLE_IDENTIFIER = salihcakmak.FitnessHB;
				PRODUCT_NAME = "$(TARGET_NAME)";
				SWIFT_EMIT_LOC_STRINGS = YES;
				SWIFT_VERSION = 5.0;
				TARGETED_DEVICE_FAMILY = "1,2";
			};
			name = Release;
		};
		3A071FC7276CDE5900CF1E90 /* Debug */ = {
			isa = XCBuildConfiguration;
			buildSettings = {
				ALWAYS_EMBED_SWIFT_STANDARD_LIBRARIES = YES;
				BUNDLE_LOADER = "$(TEST_HOST)";
				CODE_SIGN_STYLE = Automatic;
				CURRENT_PROJECT_VERSION = 1;
				DEVELOPMENT_TEAM = J6M68LPML8;
				GENERATE_INFOPLIST_FILE = YES;
				IPHONEOS_DEPLOYMENT_TARGET = 15.0;
				LD_RUNPATH_SEARCH_PATHS = (
					"$(inherited)",
					"@executable_path/Frameworks",
					"@loader_path/Frameworks",
				);
				MARKETING_VERSION = 1.0;
				PRODUCT_BUNDLE_IDENTIFIER = salihcakmak.FitnessHBTests;
				PRODUCT_NAME = "$(TARGET_NAME)";
				SWIFT_EMIT_LOC_STRINGS = NO;
				SWIFT_VERSION = 5.0;
				TARGETED_DEVICE_FAMILY = "1,2";
				TEST_HOST = "$(BUILT_PRODUCTS_DIR)/FitnessHB.app/FitnessHB";
			};
			name = Debug;
		};
		3A071FC8276CDE5900CF1E90 /* Release */ = {
			isa = XCBuildConfiguration;
			buildSettings = {
				ALWAYS_EMBED_SWIFT_STANDARD_LIBRARIES = YES;
				BUNDLE_LOADER = "$(TEST_HOST)";
				CODE_SIGN_STYLE = Automatic;
				CURRENT_PROJECT_VERSION = 1;
				DEVELOPMENT_TEAM = J6M68LPML8;
				GENERATE_INFOPLIST_FILE = YES;
				IPHONEOS_DEPLOYMENT_TARGET = 15.0;
				LD_RUNPATH_SEARCH_PATHS = (
					"$(inherited)",
					"@executable_path/Frameworks",
					"@loader_path/Frameworks",
				);
				MARKETING_VERSION = 1.0;
				PRODUCT_BUNDLE_IDENTIFIER = salihcakmak.FitnessHBTests;
				PRODUCT_NAME = "$(TARGET_NAME)";
				SWIFT_EMIT_LOC_STRINGS = NO;
				SWIFT_VERSION = 5.0;
				TARGETED_DEVICE_FAMILY = "1,2";
				TEST_HOST = "$(BUILT_PRODUCTS_DIR)/FitnessHB.app/FitnessHB";
			};
			name = Release;
		};
		3A071FCA276CDE5900CF1E90 /* Debug */ = {
			isa = XCBuildConfiguration;
			buildSettings = {
				ALWAYS_EMBED_SWIFT_STANDARD_LIBRARIES = YES;
				CODE_SIGN_STYLE = Automatic;
				CURRENT_PROJECT_VERSION = 1;
				DEVELOPMENT_TEAM = J6M68LPML8;
				GENERATE_INFOPLIST_FILE = YES;
				LD_RUNPATH_SEARCH_PATHS = (
					"$(inherited)",
					"@executable_path/Frameworks",
					"@loader_path/Frameworks",
				);
				MARKETING_VERSION = 1.0;
				PRODUCT_BUNDLE_IDENTIFIER = salihcakmak.FitnessHBUITests;
				PRODUCT_NAME = "$(TARGET_NAME)";
				SWIFT_EMIT_LOC_STRINGS = NO;
				SWIFT_VERSION = 5.0;
				TARGETED_DEVICE_FAMILY = "1,2";
				TEST_TARGET_NAME = FitnessHB;
			};
			name = Debug;
		};
		3A071FCB276CDE5900CF1E90 /* Release */ = {
			isa = XCBuildConfiguration;
			buildSettings = {
				ALWAYS_EMBED_SWIFT_STANDARD_LIBRARIES = YES;
				CODE_SIGN_STYLE = Automatic;
				CURRENT_PROJECT_VERSION = 1;
				DEVELOPMENT_TEAM = J6M68LPML8;
				GENERATE_INFOPLIST_FILE = YES;
				LD_RUNPATH_SEARCH_PATHS = (
					"$(inherited)",
					"@executable_path/Frameworks",
					"@loader_path/Frameworks",
				);
				MARKETING_VERSION = 1.0;
				PRODUCT_BUNDLE_IDENTIFIER = salihcakmak.FitnessHBUITests;
				PRODUCT_NAME = "$(TARGET_NAME)";
				SWIFT_EMIT_LOC_STRINGS = NO;
				SWIFT_VERSION = 5.0;
				TARGETED_DEVICE_FAMILY = "1,2";
				TEST_TARGET_NAME = FitnessHB;
			};
			name = Release;
		};
/* End XCBuildConfiguration section */

/* Begin XCConfigurationList section */
		3A071F9A276CDE5900CF1E90 /* Build configuration list for PBXProject "FitnessHB" */ = {
			isa = XCConfigurationList;
			buildConfigurations = (
				3A071FC1276CDE5900CF1E90 /* Debug */,
				3A071FC2276CDE5900CF1E90 /* Release */,
			);
			defaultConfigurationIsVisible = 0;
			defaultConfigurationName = Release;
		};
		3A071FC3276CDE5900CF1E90 /* Build configuration list for PBXNativeTarget "FitnessHB" */ = {
			isa = XCConfigurationList;
			buildConfigurations = (
				3A071FC4276CDE5900CF1E90 /* Debug */,
				3A071FC5276CDE5900CF1E90 /* Release */,
			);
			defaultConfigurationIsVisible = 0;
			defaultConfigurationName = Release;
		};
		3A071FC6276CDE5900CF1E90 /* Build configuration list for PBXNativeTarget "FitnessHBTests" */ = {
			isa = XCConfigurationList;
			buildConfigurations = (
				3A071FC7276CDE5900CF1E90 /* Debug */,
				3A071FC8276CDE5900CF1E90 /* Release */,
			);
			defaultConfigurationIsVisible = 0;
			defaultConfigurationName = Release;
		};
		3A071FC9276CDE5900CF1E90 /* Build configuration list for PBXNativeTarget "FitnessHBUITests" */ = {
			isa = XCConfigurationList;
			buildConfigurations = (
				3A071FCA276CDE5900CF1E90 /* Debug */,
				3A071FCB276CDE5900CF1E90 /* Release */,
			);
			defaultConfigurationIsVisible = 0;
			defaultConfigurationName = Release;
		};
/* End XCConfigurationList section */

/* Begin XCRemoteSwiftPackageReference section */
		3A071FE1276CE2BA00CF1E90 /* XCRemoteSwiftPackageReference "lottie-ios" */ = {
			isa = XCRemoteSwiftPackageReference;
			repositoryURL = "https://github.com/airbnb/lottie-ios.git";
			requirement = {
				branch = master;
				kind = branch;
			};
		};
/* End XCRemoteSwiftPackageReference section */

/* Begin XCSwiftPackageProductDependency section */
		3A071FE2276CE2BA00CF1E90 /* Lottie */ = {
			isa = XCSwiftPackageProductDependency;
			package = 3A071FE1276CE2BA00CF1E90 /* XCRemoteSwiftPackageReference "lottie-ios" */;
			productName = Lottie;
		};
/* End XCSwiftPackageProductDependency section */
	};
	rootObject = 3A071F97276CDE5900CF1E90 /* Project object */;
}
